{
  "name": "@gebruederheitz/wp-backup",
  "version": "1.0.0-beta.1.1",
  "lockfileVersion": 2,
  "requires": true,
  "packages": {
    "": {
      "name": "@gebruederheitz/wp-backup",
      "version": "1.0.0-beta.1.1",
      "license": "GPL-3.0-only",
      "bin": {
        "wp-backup": "dist/wp-backup"
      }
    }
  }
}
